
Microsoft Visual Studio Solution File, Format Version 12.00
# Visual Studio 15
Project("{FAE04EC0-301F-11D3-BF4B-00C04F79EFBC}") = "Assembly-CSharp", "Assembly-CSharp.csproj", "{342D0831-6E34-01A5-56FB-3DEBFF81F94F}"
EndProject
Project("{FAE04EC0-301F-11D3-BF4B-00C04F79EFBC}") = "Assembly-CSharp-Editor", "Assembly-CSharp-Editor.csproj", "{8B885FF3-7DFD-D45B-5AF0-27BBA1C721E2}"
EndProject
Global
	GlobalSection(SolutionConfigurationPlatforms) = preSolution
		Debug|Any CPU = Debug|Any CPU
		Release|Any CPU = Release|Any CPU
	EndGlobalSection
	GlobalSection(ProjectConfigurationPlatforms) = postSolution
		{342D0831-6E34-01A5-56FB-3DEBFF81F94F}.Debug|Any CPU.ActiveCfg = Debug|Any CPU
		{342D0831-6E34-01A5-56FB-3DEBFF81F94F}.Debug|Any CPU.Build.0 = Debug|Any CPU
		{342D0831-6E34-01A5-56FB-3DEBFF81F94F}.Release|Any CPU.ActiveCfg = Release|Any CPU
		{342D0831-6E34-01A5-56FB-3DEBFF81F94F}.Release|Any CPU.Build.0 = Release|Any CPU
		{8B885FF3-7DFD-D45B-5AF0-27BBA1C721E2}.Debug|Any CPU.ActiveCfg = Debug|Any CPU
		{8B885FF3-7DFD-D45B-5AF0-27BBA1C721E2}.Debug|Any CPU.Build.0 = Debug|Any CPU
		{8B885FF3-7DFD-D45B-5AF0-27BBA1C721E2}.Release|Any CPU.ActiveCfg = Release|Any CPU
		{8B885FF3-7DFD-D45B-5AF0-27BBA1C721E2}.Release|Any CPU.Build.0 = Release|Any CPU
	EndGlobalSection
	GlobalSection(SolutionProperties) = preSolution
		HideSolutionNode = FALSE
	EndGlobalSection
EndGlobal
